
Microsoft Visual Studio Solution File, Format Version 12.00
# Visual Studio Version 16
VisualStudioVersion = 16.0.32602.291
MinimumVisualStudioVersion = 10.0.40219.1
Project("{FAE04EC0-301F-11D3-BF4B-00C04F79EFBC}") = "7HoursHelloWorld", "7HoursHelloWorld\7HoursHelloWorld.csproj", "{161BF377-6922-47DF-A09F-9553C188CFA4}"
EndProject
Global
	GlobalSection(SolutionConfigurationPlatforms) = preSolution
		Debug|Any CPU = Debug|Any CPU
		Release|Any CPU = Release|Any CPU
	EndGlobalSection
	GlobalSection(ProjectConfigurationPlatforms) = postSolution
		{161BF377-6922-47DF-A09F-9553C188CFA4}.Debug|Any CPU.ActiveCfg = Debug|Any CPU
		{161BF377-6922-47DF-A09F-9553C188CFA4}.Debug|Any CPU.Build.0 = Debug|Any CPU
		{161BF377-6922-47DF-A09F-9553C188CFA4}.Release|Any CPU.ActiveCfg = Release|Any CPU
		{161BF377-6922-47DF-A09F-9553C188CFA4}.Release|Any CPU.Build.0 = Release|Any CPU
	EndGlobalSection
	GlobalSection(SolutionProperties) = preSolution
		HideSolutionNode = FALSE
	EndGlobalSection
	GlobalSection(ExtensibilityGlobals) = postSolution
		SolutionGuid = {221510DE-A9D5-46D1-910F-9F9053F53506}
	EndGlobalSection
EndGlobal
